{
	"requires": true,
	"lockfileVersion": 1,
	"dependencies": {
		"@bunch-of-friends/observable": {
			"version": "1.0.0",
			"resolved": "https://registry.npmjs.org/@bunch-of-friends/observable/-/observable-1.0.0.tgz",
			"integrity": "sha512-VEdhWP5PLRWD9EBA/mZD7vevV1VboHvEHjv5VmxzCdoYXhLPwFEvr4uO9Bi1Ok+5gG0Euysi23QXALZs7o2A6Q=="
		}
	}
}
